
Microsoft Visual Studio Solution File, Format Version 12.00
# Visual Studio Version 17
VisualStudioVersion = 17.8.34316.72
MinimumVisualStudioVersion = 10.0.40219.1
Project("{FAE04EC0-301F-11D3-BF4B-00C04F79EFBC}") = "ödev2-1473", "ödev2-1473\ödev2-1473.csproj", "{75E1D4EE-D268-4261-B503-DB7372D310BB}"
EndProject
Global
	GlobalSection(SolutionConfigurationPlatforms) = preSolution
		Debug|Any CPU = Debug|Any CPU
		Release|Any CPU = Release|Any CPU
	EndGlobalSection
	GlobalSection(ProjectConfigurationPlatforms) = postSolution
		{75E1D4EE-D268-4261-B503-DB7372D310BB}.Debug|Any CPU.ActiveCfg = Debug|Any CPU
		{75E1D4EE-D268-4261-B503-DB7372D310BB}.Debug|Any CPU.Build.0 = Debug|Any CPU
		{75E1D4EE-D268-4261-B503-DB7372D310BB}.Release|Any CPU.ActiveCfg = Release|Any CPU
		{75E1D4EE-D268-4261-B503-DB7372D310BB}.Release|Any CPU.Build.0 = Release|Any CPU
	EndGlobalSection
	GlobalSection(SolutionProperties) = preSolution
		HideSolutionNode = FALSE
	EndGlobalSection
	GlobalSection(ExtensibilityGlobals) = postSolution
		SolutionGuid = {B7C52E5A-3E80-484A-B0FB-0E0806E5A560}
	EndGlobalSection
EndGlobal
